"git"	"git@github.com:derrick-zhu/FlutterPandaShop.git"	"ee7247984c2932d0b265f6980df562a1cfb465c4"
"git"	"git@github.com:derrick-zhu/FlutterPDFImage.git"	"f0b32ddbb1f29aa703c94e82740305afe3f59592"
"git"	"git@github.com:derrick-zhu/FlutterPandaFoundation.git"	"4fce9e9d107e4dd78f5dc2a13cb4d95a03455f65"
"git"	"git@github.com:derrick-zhu/FlutterPandaAppKit.git"	"df354d8a6e6dc43c6bb5bf2712cf01f9849af44e"