"git"	"https://github.com/derrick-zhu/FlutterPandaShop.git"	"3bf968b36ce7aed6a76f0e1b3c924d4c1fa83b4e"
"git"	"https://github.com/derrick-zhu/FlutterPDFImage.git"	"f0b32ddbb1f29aa703c94e82740305afe3f59592"
"git"	"https://github.com/derrick-zhu/FlutterPandaFoundation.git"	"4fce9e9d107e4dd78f5dc2a13cb4d95a03455f65"
"git"	"https://github.com/derrick-zhu/FlutterPandaAppKit.git"	"6500fa935d5177f6a2015c57abdee00e7fb5dbd7"