"git"	"https://github.com/derrick-zhu/FlutterPandaShop.git"	"2305aeb41ac9ed64d2d1da33218ef2776ec19a75"
"git"	"https://github.com/derrick-zhu/FlutterPDFImage.git"	"fee79e844e05eda4cd7e2083409693ec4bb5b6f4"
"git"	"https://github.com/derrick-zhu/FlutterPandaFoundation.git"	"f498bf4884705a7f21a44c2459730aefce7d9c59"
"git"	"https://github.com/derrick-zhu/FlutterPandaAppKit.git"	"ed5b143b3b08eef118fedd0b00e1e7190932a144"